
Microsoft Visual Studio Solution File, Format Version 12.00
# Visual Studio Version 17
VisualStudioVersion = 17.8.0.0
MinimumVisualStudioVersion = 10.0.40219.1
Project("{F184B08F-C81C-45F6-A57F-5ABD9991F28F}") = "EQ12.Core", "src\EQ12.Core\EQ12.Core.vbproj", "{A1B2C3D4-E5F6-47A8-B9C0-D1E2F3A4B5C6}"
EndProject
Project("{F184B08F-C81C-45F6-A57F-5ABD9991F28F}") = "EQ12.Security", "src\EQ12.Security\EQ12.Security.vbproj", "{B2C3D4E5-F6A7-48B9-C0D1-E2F3A4B5C6D7}"
EndProject
Project("{F184B08F-C81C-45F6-A57F-5ABD9991F28F}") = "EQ12.TelegramBot", "src\EQ12.TelegramBot\EQ12.TelegramBot.vbproj", "{C3D4E5F6-A7B8-49CA-D1E2-F3A4B5C6D7E8}"
EndProject
Project("{F184B08F-C81C-45F6-A57F-5ABD9991F28F}") = "EQ12.StackAgent", "src\EQ12.StackAgent\EQ12.StackAgent.vbproj", "{D4E5F6A7-B8C9-4ADB-E2F3-A4B5C6D7E8F9}"
EndProject
Project("{F184B08F-C81C-45F6-A57F-5ABD9991F28F}") = "EQ12.Diagnostics", "src\EQ12.Diagnostics\EQ12.Diagnostics.vbproj", "{E5F6A7B8-C9DA-4BEC-F3A4-B5C6D7E8F9A0}"
EndProject
Project("{F184B08F-C81C-45F6-A57F-5ABD9991F28F}") = "EQ12.CommandCenter", "src\EQ12.CommandCenter\EQ12.CommandCenter.vbproj", "{F6A7B8C9-DAEB-4CFD-A4B5-C6D7E8F9A0B1}"
EndProject
Project("{F184B08F-C81C-45F6-A57F-5ABD9991F28F}") = "EQ12.CI", "src\EQ12.CI\EQ12.CI.vbproj", "{A7B8C9DA-EBFC-4D0E-B5C6-D7E8F9A0B1C2}"
EndProject
Project("{9A19103F-16F7-4668-BE54-9A1E7A4F7556}") = "EQ12.ChatGPT.InlineRefactor", "EQ12.ChatGPT.InlineRefactor\EQ12.ChatGPT.InlineRefactor.csproj", "{B3FC7A4D-6CC3-F37B-5737-8A7BCB703C0E}"
EndProject
Project("{2150E333-8FDC-42A3-9474-1A3956D46DE8}") = "src", "src", "{827E0CD3-B72D-47B6-A68D-7590B98EB39B}"
EndProject
Project("{F184B08F-C81C-45F6-A57F-5ABD9991F28F}") = "EQ12.BICore", "src\EQ12.BICore\EQ12.BICore.vbproj", "{8EEF44D0-1CF7-42B1-AA12-A15E957547D8}"
EndProject
Global
	GlobalSection(SolutionConfigurationPlatforms) = preSolution
		Debug|Any CPU = Debug|Any CPU
		Debug|x64 = Debug|x64
		Debug|x86 = Debug|x86
		Release|Any CPU = Release|Any CPU
		Release|x64 = Release|x64
		Release|x86 = Release|x86
	EndGlobalSection
	GlobalSection(ProjectConfigurationPlatforms) = postSolution
		{A1B2C3D4-E5F6-47A8-B9C0-D1E2F3A4B5C6}.Debug|Any CPU.ActiveCfg = Debug|Any CPU
		{A1B2C3D4-E5F6-47A8-B9C0-D1E2F3A4B5C6}.Debug|Any CPU.Build.0 = Debug|Any CPU
		{A1B2C3D4-E5F6-47A8-B9C0-D1E2F3A4B5C6}.Debug|x64.ActiveCfg = Debug|Any CPU
		{A1B2C3D4-E5F6-47A8-B9C0-D1E2F3A4B5C6}.Debug|x64.Build.0 = Debug|Any CPU
		{A1B2C3D4-E5F6-47A8-B9C0-D1E2F3A4B5C6}.Debug|x86.ActiveCfg = Debug|Any CPU
		{A1B2C3D4-E5F6-47A8-B9C0-D1E2F3A4B5C6}.Debug|x86.Build.0 = Debug|Any CPU
		{A1B2C3D4-E5F6-47A8-B9C0-D1E2F3A4B5C6}.Release|Any CPU.ActiveCfg = Release|Any CPU
		{A1B2C3D4-E5F6-47A8-B9C0-D1E2F3A4B5C6}.Release|Any CPU.Build.0 = Release|Any CPU
		{A1B2C3D4-E5F6-47A8-B9C0-D1E2F3A4B5C6}.Release|x64.ActiveCfg = Release|Any CPU
		{A1B2C3D4-E5F6-47A8-B9C0-D1E2F3A4B5C6}.Release|x64.Build.0 = Release|Any CPU
		{A1B2C3D4-E5F6-47A8-B9C0-D1E2F3A4B5C6}.Release|x86.ActiveCfg = Release|Any CPU
		{A1B2C3D4-E5F6-47A8-B9C0-D1E2F3A4B5C6}.Release|x86.Build.0 = Release|Any CPU
		{B2C3D4E5-F6A7-48B9-C0D1-E2F3A4B5C6D7}.Debug|Any CPU.ActiveCfg = Debug|Any CPU
		{B2C3D4E5-F6A7-48B9-C0D1-E2F3A4B5C6D7}.Debug|Any CPU.Build.0 = Debug|Any CPU
		{B2C3D4E5-F6A7-48B9-C0D1-E2F3A4B5C6D7}.Debug|x64.ActiveCfg = Debug|Any CPU
		{B2C3D4E5-F6A7-48B9-C0D1-E2F3A4B5C6D7}.Debug|x64.Build.0 = Debug|Any CPU
		{B2C3D4E5-F6A7-48B9-C0D1-E2F3A4B5C6D7}.Debug|x86.ActiveCfg = Debug|Any CPU
		{B2C3D4E5-F6A7-48B9-C0D1-E2F3A4B5C6D7}.Debug|x86.Build.0 = Debug|Any CPU
		{B2C3D4E5-F6A7-48B9-C0D1-E2F3A4B5C6D7}.Release|Any CPU.ActiveCfg = Release|Any CPU
		{B2C3D4E5-F6A7-48B9-C0D1-E2F3A4B5C6D7}.Release|Any CPU.Build.0 = Release|Any CPU
		{B2C3D4E5-F6A7-48B9-C0D1-E2F3A4B5C6D7}.Release|x64.ActiveCfg = Release|Any CPU
		{B2C3D4E5-F6A7-48B9-C0D1-E2F3A4B5C6D7}.Release|x64.Build.0 = Release|Any CPU
		{B2C3D4E5-F6A7-48B9-C0D1-E2F3A4B5C6D7}.Release|x86.ActiveCfg = Release|Any CPU
		{B2C3D4E5-F6A7-48B9-C0D1-E2F3A4B5C6D7}.Release|x86.Build.0 = Release|Any CPU
		{C3D4E5F6-A7B8-49CA-D1E2-F3A4B5C6D7E8}.Debug|Any CPU.ActiveCfg = Debug|Any CPU
		{C3D4E5F6-A7B8-49CA-D1E2-F3A4B5C6D7E8}.Debug|Any CPU.Build.0 = Debug|Any CPU
		{C3D4E5F6-A7B8-49CA-D1E2-F3A4B5C6D7E8}.Debug|x64.ActiveCfg = Debug|Any CPU
		{C3D4E5F6-A7B8-49CA-D1E2-F3A4B5C6D7E8}.Debug|x64.Build.0 = Debug|Any CPU
		{C3D4E5F6-A7B8-49CA-D1E2-F3A4B5C6D7E8}.Debug|x86.ActiveCfg = Debug|Any CPU
		{C3D4E5F6-A7B8-49CA-D1E2-F3A4B5C6D7E8}.Debug|x86.Build.0 = Debug|Any CPU
		{C3D4E5F6-A7B8-49CA-D1E2-F3A4B5C6D7E8}.Release|Any CPU.ActiveCfg = Release|Any CPU
		{C3D4E5F6-A7B8-49CA-D1E2-F3A4B5C6D7E8}.Release|Any CPU.Build.0 = Release|Any CPU
		{C3D4E5F6-A7B8-49CA-D1E2-F3A4B5C6D7E8}.Release|x64.ActiveCfg = Release|Any CPU
		{C3D4E5F6-A7B8-49CA-D1E2-F3A4B5C6D7E8}.Release|x64.Build.0 = Release|Any CPU
		{C3D4E5F6-A7B8-49CA-D1E2-F3A4B5C6D7E8}.Release|x86.ActiveCfg = Release|Any CPU
		{C3D4E5F6-A7B8-49CA-D1E2-F3A4B5C6D7E8}.Release|x86.Build.0 = Release|Any CPU
		{D4E5F6A7-B8C9-4ADB-E2F3-A4B5C6D7E8F9}.Debug|Any CPU.ActiveCfg = Debug|Any CPU
		{D4E5F6A7-B8C9-4ADB-E2F3-A4B5C6D7E8F9}.Debug|Any CPU.Build.0 = Debug|Any CPU
		{D4E5F6A7-B8C9-4ADB-E2F3-A4B5C6D7E8F9}.Debug|x64.ActiveCfg = Debug|Any CPU
		{D4E5F6A7-B8C9-4ADB-E2F3-A4B5C6D7E8F9}.Debug|x64.Build.0 = Debug|Any CPU
		{D4E5F6A7-B8C9-4ADB-E2F3-A4B5C6D7E8F9}.Debug|x86.ActiveCfg = Debug|Any CPU
		{D4E5F6A7-B8C9-4ADB-E2F3-A4B5C6D7E8F9}.Debug|x86.Build.0 = Debug|Any CPU
		{D4E5F6A7-B8C9-4ADB-E2F3-A4B5C6D7E8F9}.Release|Any CPU.ActiveCfg = Release|Any CPU
		{D4E5F6A7-B8C9-4ADB-E2F3-A4B5C6D7E8F9}.Release|Any CPU.Build.0 = Release|Any CPU
		{D4E5F6A7-B8C9-4ADB-E2F3-A4B5C6D7E8F9}.Release|x64.ActiveCfg = Release|Any CPU
		{D4E5F6A7-B8C9-4ADB-E2F3-A4B5C6D7E8F9}.Release|x64.Build.0 = Release|Any CPU
		{D4E5F6A7-B8C9-4ADB-E2F3-A4B5C6D7E8F9}.Release|x86.ActiveCfg = Release|Any CPU
		{D4E5F6A7-B8C9-4ADB-E2F3-A4B5C6D7E8F9}.Release|x86.Build.0 = Release|Any CPU
		{E5F6A7B8-C9DA-4BEC-F3A4-B5C6D7E8F9A0}.Debug|Any CPU.ActiveCfg = Debug|Any CPU
		{E5F6A7B8-C9DA-4BEC-F3A4-B5C6D7E8F9A0}.Debug|Any CPU.Build.0 = Debug|Any CPU
		{E5F6A7B8-C9DA-4BEC-F3A4-B5C6D7E8F9A0}.Debug|x64.ActiveCfg = Debug|Any CPU
		{E5F6A7B8-C9DA-4BEC-F3A4-B5C6D7E8F9A0}.Debug|x64.Build.0 = Debug|Any CPU
		{E5F6A7B8-C9DA-4BEC-F3A4-B5C6D7E8F9A0}.Debug|x86.ActiveCfg = Debug|Any CPU
		{E5F6A7B8-C9DA-4BEC-F3A4-B5C6D7E8F9A0}.Debug|x86.Build.0 = Debug|Any CPU
		{E5F6A7B8-C9DA-4BEC-F3A4-B5C6D7E8F9A0}.Release|Any CPU.ActiveCfg = Release|Any CPU
		{E5F6A7B8-C9DA-4BEC-F3A4-B5C6D7E8F9A0}.Release|Any CPU.Build.0 = Release|Any CPU
		{E5F6A7B8-C9DA-4BEC-F3A4-B5C6D7E8F9A0}.Release|x64.ActiveCfg = Release|Any CPU
		{E5F6A7B8-C9DA-4BEC-F3A4-B5C6D7E8F9A0}.Release|x64.Build.0 = Release|Any CPU
		{E5F6A7B8-C9DA-4BEC-F3A4-B5C6D7E8F9A0}.Release|x86.ActiveCfg = Release|Any CPU
		{E5F6A7B8-C9DA-4BEC-F3A4-B5C6D7E8F9A0}.Release|x86.Build.0 = Release|Any CPU
		{F6A7B8C9-DAEB-4CFD-A4B5-C6D7E8F9A0B1}.Debug|Any CPU.ActiveCfg = Debug|Any CPU
		{F6A7B8C9-DAEB-4CFD-A4B5-C6D7E8F9A0B1}.Debug|Any CPU.Build.0 = Debug|Any CPU
		{F6A7B8C9-DAEB-4CFD-A4B5-C6D7E8F9A0B1}.Debug|x64.ActiveCfg = Debug|Any CPU
		{F6A7B8C9-DAEB-4CFD-A4B5-C6D7E8F9A0B1}.Debug|x64.Build.0 = Debug|Any CPU
		{F6A7B8C9-DAEB-4CFD-A4B5-C6D7E8F9A0B1}.Debug|x86.ActiveCfg = Debug|Any CPU
		{F6A7B8C9-DAEB-4CFD-A4B5-C6D7E8F9A0B1}.Debug|x86.Build.0 = Debug|Any CPU
		{F6A7B8C9-DAEB-4CFD-A4B5-C6D7E8F9A0B1}.Release|Any CPU.ActiveCfg = Release|Any CPU
		{F6A7B8C9-DAEB-4CFD-A4B5-C6D7E8F9A0B1}.Release|Any CPU.Build.0 = Release|Any CPU
		{F6A7B8C9-DAEB-4CFD-A4B5-C6D7E8F9A0B1}.Release|x64.ActiveCfg = Release|Any CPU
		{F6A7B8C9-DAEB-4CFD-A4B5-C6D7E8F9A0B1}.Release|x64.Build.0 = Release|Any CPU
		{F6A7B8C9-DAEB-4CFD-A4B5-C6D7E8F9A0B1}.Release|x86.ActiveCfg = Release|Any CPU
		{F6A7B8C9-DAEB-4CFD-A4B5-C6D7E8F9A0B1}.Release|x86.Build.0 = Release|Any CPU
		{A7B8C9DA-EBFC-4D0E-B5C6-D7E8F9A0B1C2}.Debug|Any CPU.ActiveCfg = Debug|Any CPU
		{A7B8C9DA-EBFC-4D0E-B5C6-D7E8F9A0B1C2}.Debug|Any CPU.Build.0 = Debug|Any CPU
		{A7B8C9DA-EBFC-4D0E-B5C6-D7E8F9A0B1C2}.Debug|x64.ActiveCfg = Debug|Any CPU
		{A7B8C9DA-EBFC-4D0E-B5C6-D7E8F9A0B1C2}.Debug|x64.Build.0 = Debug|Any CPU
		{A7B8C9DA-EBFC-4D0E-B5C6-D7E8F9A0B1C2}.Debug|x86.ActiveCfg = Debug|Any CPU
		{A7B8C9DA-EBFC-4D0E-B5C6-D7E8F9A0B1C2}.Debug|x86.Build.0 = Debug|Any CPU
		{A7B8C9DA-EBFC-4D0E-B5C6-D7E8F9A0B1C2}.Release|Any CPU.ActiveCfg = Release|Any CPU
		{A7B8C9DA-EBFC-4D0E-B5C6-D7E8F9A0B1C2}.Release|Any CPU.Build.0 = Release|Any CPU
		{A7B8C9DA-EBFC-4D0E-B5C6-D7E8F9A0B1C2}.Release|x64.ActiveCfg = Release|Any CPU
		{A7B8C9DA-EBFC-4D0E-B5C6-D7E8F9A0B1C2}.Release|x64.Build.0 = Release|Any CPU
		{A7B8C9DA-EBFC-4D0E-B5C6-D7E8F9A0B1C2}.Release|x86.ActiveCfg = Release|Any CPU
		{A7B8C9DA-EBFC-4D0E-B5C6-D7E8F9A0B1C2}.Release|x86.Build.0 = Release|Any CPU
		{B3FC7A4D-6CC3-F37B-5737-8A7BCB703C0E}.Debug|Any CPU.ActiveCfg = Debug|Any CPU
		{B3FC7A4D-6CC3-F37B-5737-8A7BCB703C0E}.Debug|Any CPU.Build.0 = Debug|Any CPU
		{B3FC7A4D-6CC3-F37B-5737-8A7BCB703C0E}.Debug|x64.ActiveCfg = Debug|Any CPU
		{B3FC7A4D-6CC3-F37B-5737-8A7BCB703C0E}.Debug|x64.Build.0 = Debug|Any CPU
		{B3FC7A4D-6CC3-F37B-5737-8A7BCB703C0E}.Debug|x86.ActiveCfg = Debug|Any CPU
		{B3FC7A4D-6CC3-F37B-5737-8A7BCB703C0E}.Debug|x86.Build.0 = Debug|Any CPU
		{B3FC7A4D-6CC3-F37B-5737-8A7BCB703C0E}.Release|Any CPU.ActiveCfg = Release|Any CPU
		{B3FC7A4D-6CC3-F37B-5737-8A7BCB703C0E}.Release|Any CPU.Build.0 = Release|Any CPU
		{B3FC7A4D-6CC3-F37B-5737-8A7BCB703C0E}.Release|x64.ActiveCfg = Release|Any CPU
		{B3FC7A4D-6CC3-F37B-5737-8A7BCB703C0E}.Release|x64.Build.0 = Release|Any CPU
		{B3FC7A4D-6CC3-F37B-5737-8A7BCB703C0E}.Release|x86.ActiveCfg = Release|Any CPU
		{B3FC7A4D-6CC3-F37B-5737-8A7BCB703C0E}.Release|x86.Build.0 = Release|Any CPU
		{8EEF44D0-1CF7-42B1-AA12-A15E957547D8}.Debug|Any CPU.ActiveCfg = Debug|Any CPU
		{8EEF44D0-1CF7-42B1-AA12-A15E957547D8}.Debug|Any CPU.Build.0 = Debug|Any CPU
		{8EEF44D0-1CF7-42B1-AA12-A15E957547D8}.Debug|x64.ActiveCfg = Debug|Any CPU
		{8EEF44D0-1CF7-42B1-AA12-A15E957547D8}.Debug|x64.Build.0 = Debug|Any CPU
		{8EEF44D0-1CF7-42B1-AA12-A15E957547D8}.Debug|x86.ActiveCfg = Debug|Any CPU
		{8EEF44D0-1CF7-42B1-AA12-A15E957547D8}.Debug|x86.Build.0 = Debug|Any CPU
		{8EEF44D0-1CF7-42B1-AA12-A15E957547D8}.Release|Any CPU.ActiveCfg = Release|Any CPU
		{8EEF44D0-1CF7-42B1-AA12-A15E957547D8}.Release|Any CPU.Build.0 = Release|Any CPU
		{8EEF44D0-1CF7-42B1-AA12-A15E957547D8}.Release|x64.ActiveCfg = Release|Any CPU
		{8EEF44D0-1CF7-42B1-AA12-A15E957547D8}.Release|x64.Build.0 = Release|Any CPU
		{8EEF44D0-1CF7-42B1-AA12-A15E957547D8}.Release|x86.ActiveCfg = Release|Any CPU
		{8EEF44D0-1CF7-42B1-AA12-A15E957547D8}.Release|x86.Build.0 = Release|Any CPU
	EndGlobalSection
	GlobalSection(SolutionProperties) = preSolution
		HideSolutionNode = FALSE
	EndGlobalSection
	GlobalSection(NestedProjects) = preSolution
		{8EEF44D0-1CF7-42B1-AA12-A15E957547D8} = {827E0CD3-B72D-47B6-A68D-7590B98EB39B}
	EndGlobalSection
	GlobalSection(ExtensibilityGlobals) = postSolution
		SolutionGuid = {DB5D6EDE-90C7-461E-A355-E27DB692B2F9}
	EndGlobalSection
EndGlobal
